// !$*UTF8*$!
{
	archiveVersion = 1;
	classes = {
	};
	objectVersion = 60;
	objects = {

/* Begin PBXBuildFile section */
		6934A10D2C8FDA840086CC91 /* MoodifyApp.swift in Sources */ = {isa = PBXBuildFile; fileRef = 6934A10C2C8FDA840086CC91 /* MoodifyApp.swift */; };
		6934A10F2C8FDA840086CC91 /* ConnectToSpotify.swift in Sources */ = {isa = PBXBuildFile; fileRef = 6934A10E2C8FDA840086CC91 /* ConnectToSpotify.swift */; };
		6934A1112C8FDA840086CC91 /* Assets.xcassets in Resources */ = {isa = PBXBuildFile; fileRef = 6934A1102C8FDA840086CC91 /* Assets.xcassets */; };
		6934A1142C8FDA840086CC91 /* Preview Assets.xcassets in Resources */ = {isa = PBXBuildFile; fileRef = 6934A1132C8FDA840086CC91 /* Preview Assets.xcassets */; };
		6934A1282C8FDA850086CC91 /* MoodifyUITests.swift in Sources */ = {isa = PBXBuildFile; fileRef = 6934A1272C8FDA850086CC91 /* MoodifyUITests.swift */; };
		6934A12A2C8FDA850086CC91 /* MoodifyUITestsLaunchTests.swift in Sources */ = {isa = PBXBuildFile; fileRef = 6934A1292C8FDA850086CC91 /* MoodifyUITestsLaunchTests.swift */; };
		696300582CC6E65E00AE7814 /* DetectEmotionServices.swift in Sources */ = {isa = PBXBuildFile; fileRef = 696300572CC6E65E00AE7814 /* DetectEmotionServices.swift */; };
		6982AB742CDD95AC005F9750 /* OnBoarding.swift in Sources */ = {isa = PBXBuildFile; fileRef = 6982AB732CDD95A3005F9750 /* OnBoarding.swift */; };
		6982AB762CDD964B005F9750 /* ColorExtension.swift in Sources */ = {isa = PBXBuildFile; fileRef = 6982AB752CDD9646005F9750 /* ColorExtension.swift */; };
		6982AB782CDD995D005F9750 /* MoodModels.swift in Sources */ = {isa = PBXBuildFile; fileRef = 6982AB772CDD9959005F9750 /* MoodModels.swift */; };
		6982AB7A2CDD9B4F005F9750 /* OnboardingMood.swift in Sources */ = {isa = PBXBuildFile; fileRef = 6982AB792CDD9B3E005F9750 /* OnboardingMood.swift */; };
		6982AB7C2CDD9B89005F9750 /* MoodCardOnboardingView.swift in Sources */ = {isa = PBXBuildFile; fileRef = 6982AB7B2CDD9B84005F9750 /* MoodCardOnboardingView.swift */; };
		6982AB7E2CDD9BB1005F9750 /* GetStartedCardView.swift in Sources */ = {isa = PBXBuildFile; fileRef = 6982AB7D2CDD9BA6005F9750 /* GetStartedCardView.swift */; };
		6982AB812CDD9C0C005F9750 /* OnboardingMoodViewModel.swift in Sources */ = {isa = PBXBuildFile; fileRef = 6982AB802CDD9BFC005F9750 /* OnboardingMoodViewModel.swift */; };
		69BD148E2CF5177A0060814E /* PlaylistManagerTests.swift in Sources */ = {isa = PBXBuildFile; fileRef = 69BD148D2CF517790060814E /* PlaylistManagerTests.swift */; };
		69BD14902CF518A10060814E /* QueueManagerTests.swift in Sources */ = {isa = PBXBuildFile; fileRef = 69BD148F2CF518940060814E /* QueueManagerTests.swift */; };
		69BD14922CF518D10060814E /* SetupTestData.swift in Sources */ = {isa = PBXBuildFile; fileRef = 69BD14912CF518BE0060814E /* SetupTestData.swift */; };
		69EA65922CE1BBB500723081 /* CameraView.swift in Sources */ = {isa = PBXBuildFile; fileRef = 69EA65912CE1BBB500723081 /* CameraView.swift */; };
		6E0106C52CEBFF4600F70B31 /* ProfileManagerTests.swift in Sources */ = {isa = PBXBuildFile; fileRef = 6E0106C42CEBFF4000F70B31 /* ProfileManagerTests.swift */; };
		6E52B8542CC98F3E0049BF08 /* PlayBackController.swift in Sources */ = {isa = PBXBuildFile; fileRef = 6E52B8532CC98F370049BF08 /* PlayBackController.swift */; };
		6E52B85A2CC9A9F30049BF08 /* Constants.swift in Sources */ = {isa = PBXBuildFile; fileRef = 6E52B8592CC9A9EE0049BF08 /* Constants.swift */; };
		6E728B912CD1B95700017EA4 /* Song.swift in Sources */ = {isa = PBXBuildFile; fileRef = 6E728B902CD1B94F00017EA4 /* Song.swift */; };
		6E728B932CD1B98600017EA4 /* QueueManager.swift in Sources */ = {isa = PBXBuildFile; fileRef = 6E728B922CD1B97900017EA4 /* QueueManager.swift */; };
		6E728B952CD1CD9B00017EA4 /* PlayerView.swift in Sources */ = {isa = PBXBuildFile; fileRef = 6E728B942CD1CD9800017EA4 /* PlayerView.swift */; };
		6E9DDAFB2CD2B57E00C17DCB /* QueueView.swift in Sources */ = {isa = PBXBuildFile; fileRef = 6E9DDAFA2CD2B57900C17DCB /* QueueView.swift */; };
		6EA2E3B62CDAF29500B4E6C8 /* Playlist.swift in Sources */ = {isa = PBXBuildFile; fileRef = 6EA2E3B52CDAF29200B4E6C8 /* Playlist.swift */; };
		6EA2E3B82CDAF29E00B4E6C8 /* PlaylistManager.swift in Sources */ = {isa = PBXBuildFile; fileRef = 6EA2E3B72CDAF29B00B4E6C8 /* PlaylistManager.swift */; };
		6EA2E3BD2CDC8DEF00B4E6C8 /*  PlaylistsView.swift in Sources */ = {isa = PBXBuildFile; fileRef = 6EA2E3BC2CDC8DDC00B4E6C8 /*  PlaylistsView.swift */; };
		6EA47A6C2C9E50D3006FB5C6 /* Moodify.plist in Resources */ = {isa = PBXBuildFile; fileRef = 6EA47A6B2C9E50D3006FB5C6 /* Moodify.plist */; };
		6EA47A702C9E5199006FB5C6 /* SpotifyController.swift in Sources */ = {isa = PBXBuildFile; fileRef = 6EA47A6F2C9E5199006FB5C6 /* SpotifyController.swift */; };
		6EA47A772C9E52D4006FB5C6 /* SpotifyiOS.xcframework in Frameworks */ = {isa = PBXBuildFile; fileRef = 6EA47A752C9E52C7006FB5C6 /* SpotifyiOS.xcframework */; };
		6EA47A782C9E52D4006FB5C6 /* SpotifyiOS.xcframework in Embed Frameworks */ = {isa = PBXBuildFile; fileRef = 6EA47A752C9E52C7006FB5C6 /* SpotifyiOS.xcframework */; settings = {ATTRIBUTES = (CodeSignOnCopy, RemoveHeadersOnCopy, ); }; };
		6EEDBF492CA3B94D0079295D /* SplashPage.swift in Sources */ = {isa = PBXBuildFile; fileRef = 6EEDBF482CA3B9470079295D /* SplashPage.swift */; };
		8917A3D92CA4D11400253254 /* MenuView.swift in Sources */ = {isa = PBXBuildFile; fileRef = 8917A3D82CA4D10F00253254 /* MenuView.swift */; };
		8917A3DB2CA4D87400253254 /* AccountInfoView.swift in Sources */ = {isa = PBXBuildFile; fileRef = 8917A3DA2CA4D86100253254 /* AccountInfoView.swift */; };
		892C8B3D2CD806AA000C2CE4 /* MoodQueueHandler.swift in Sources */ = {isa = PBXBuildFile; fileRef = 892C8B3C2CD806AA000C2CE4 /* MoodQueueHandler.swift */; };
		8966A3A32CC3304F00FA58DE /* PinSetupView.swift in Sources */ = {isa = PBXBuildFile; fileRef = 8966A3A22CC3304500FA58DE /* PinSetupView.swift */; };
		89AD05632CB083B8004D8FAD /* Profile.swift in Sources */ = {isa = PBXBuildFile; fileRef = 89AD05622CB083B3004D8FAD /* Profile.swift */; };
		89AD05652CB08452004D8FAD /* ProfileManager.swift in Sources */ = {isa = PBXBuildFile; fileRef = 89AD05642CB08439004D8FAD /* ProfileManager.swift */; };
		89AD05672CB0847D004D8FAD /* ProfileSelectionView.swift in Sources */ = {isa = PBXBuildFile; fileRef = 89AD05662CB08474004D8FAD /* ProfileSelectionView.swift */; };
		89B1EC0E2CC9BDBA0041F9EE /* PinInputView.swift in Sources */ = {isa = PBXBuildFile; fileRef = 89B1EC0D2CC9BDB10041F9EE /* PinInputView.swift */; };
		89B1EC102CC9C1CC0041F9EE /* ForgotPinView.swift in Sources */ = {isa = PBXBuildFile; fileRef = 89B1EC0F2CC9C1BF0041F9EE /* ForgotPinView.swift */; };
		89C5583A2CDC11CB00F67E99 /* TermsOfServiceView.swift in Sources */ = {isa = PBXBuildFile; fileRef = 89C558392CDC11CB00F67E99 /* TermsOfServiceView.swift */; };
		89FA8A432C9A6F39005480D8 /* generalMusicPreferences.swift in Sources */ = {isa = PBXBuildFile; fileRef = 89FA8A422C9A6F39005480D8 /* generalMusicPreferences.swift */; };
		89FA8A452C9A6F40005480D8 /* Questionnaire.swift in Sources */ = {isa = PBXBuildFile; fileRef = 89FA8A442C9A6F40005480D8 /* Questionnaire.swift */; };
		89FA8A472C9A6F4D005480D8 /* homePageView.swift in Sources */ = {isa = PBXBuildFile; fileRef = 89FA8A462C9A6F4D005480D8 /* homePageView.swift */; };
/* End PBXBuildFile section */

/* Begin PBXContainerItemProxy section */
		6934A11A2C8FDA850086CC91 /* PBXContainerItemProxy */ = {
			isa = PBXContainerItemProxy;
			containerPortal = 6934A1012C8FDA830086CC91 /* Project object */;
			proxyType = 1;
			remoteGlobalIDString = 6934A1082C8FDA840086CC91;
			remoteInfo = Moodify;
		};
		6934A1242C8FDA850086CC91 /* PBXContainerItemProxy */ = {
			isa = PBXContainerItemProxy;
			containerPortal = 6934A1012C8FDA830086CC91 /* Project object */;
			proxyType = 1;
			remoteGlobalIDString = 6934A1082C8FDA840086CC91;
			remoteInfo = Moodify;
		};
/* End PBXContainerItemProxy section */

/* Begin PBXCopyFilesBuildPhase section */
		6EA47A6A2C9E50B2006FB5C6 /* Embed Frameworks */ = {
			isa = PBXCopyFilesBuildPhase;
			buildActionMask = 2147483647;
			dstPath = "";
			dstSubfolderSpec = 10;
			files = (
				6EA47A782C9E52D4006FB5C6 /* SpotifyiOS.xcframework in Embed Frameworks */,
			);
			name = "Embed Frameworks";
			runOnlyForDeploymentPostprocessing = 0;
		};
/* End PBXCopyFilesBuildPhase section */

/* Begin PBXFileReference section */
		6934A1092C8FDA840086CC91 /* Moodify.app */ = {isa = PBXFileReference; explicitFileType = wrapper.application; includeInIndex = 0; path = Moodify.app; sourceTree = BUILT_PRODUCTS_DIR; };
		6934A10C2C8FDA840086CC91 /* MoodifyApp.swift */ = {isa = PBXFileReference; lastKnownFileType = sourcecode.swift; path = MoodifyApp.swift; sourceTree = "<group>"; };
		6934A10E2C8FDA840086CC91 /* ConnectToSpotify.swift */ = {isa = PBXFileReference; lastKnownFileType = sourcecode.swift; path = ConnectToSpotify.swift; sourceTree = "<group>"; };
		6934A1102C8FDA840086CC91 /* Assets.xcassets */ = {isa = PBXFileReference; lastKnownFileType = folder.assetcatalog; path = Assets.xcassets; sourceTree = "<group>"; };
		6934A1132C8FDA840086CC91 /* Preview Assets.xcassets */ = {isa = PBXFileReference; lastKnownFileType = folder.assetcatalog; path = "Preview Assets.xcassets"; sourceTree = "<group>"; };
		6934A1192C8FDA850086CC91 /* MoodifyTests.xctest */ = {isa = PBXFileReference; explicitFileType = wrapper.cfbundle; includeInIndex = 0; path = MoodifyTests.xctest; sourceTree = BUILT_PRODUCTS_DIR; };
		6934A1232C8FDA850086CC91 /* MoodifyUITests.xctest */ = {isa = PBXFileReference; explicitFileType = wrapper.cfbundle; includeInIndex = 0; path = MoodifyUITests.xctest; sourceTree = BUILT_PRODUCTS_DIR; };
		6934A1272C8FDA850086CC91 /* MoodifyUITests.swift */ = {isa = PBXFileReference; lastKnownFileType = sourcecode.swift; path = MoodifyUITests.swift; sourceTree = "<group>"; };
		6934A1292C8FDA850086CC91 /* MoodifyUITestsLaunchTests.swift */ = {isa = PBXFileReference; lastKnownFileType = sourcecode.swift; path = MoodifyUITestsLaunchTests.swift; sourceTree = "<group>"; };
		696300572CC6E65E00AE7814 /* DetectEmotionServices.swift */ = {isa = PBXFileReference; lastKnownFileType = sourcecode.swift; path = DetectEmotionServices.swift; sourceTree = "<group>"; };
		6982AB732CDD95A3005F9750 /* OnBoarding.swift */ = {isa = PBXFileReference; lastKnownFileType = sourcecode.swift; path = OnBoarding.swift; sourceTree = "<group>"; };
		6982AB752CDD9646005F9750 /* ColorExtension.swift */ = {isa = PBXFileReference; lastKnownFileType = sourcecode.swift; path = ColorExtension.swift; sourceTree = "<group>"; };
		6982AB772CDD9959005F9750 /* MoodModels.swift */ = {isa = PBXFileReference; lastKnownFileType = sourcecode.swift; path = MoodModels.swift; sourceTree = "<group>"; };
		6982AB792CDD9B3E005F9750 /* OnboardingMood.swift */ = {isa = PBXFileReference; lastKnownFileType = sourcecode.swift; path = OnboardingMood.swift; sourceTree = "<group>"; };
		6982AB7B2CDD9B84005F9750 /* MoodCardOnboardingView.swift */ = {isa = PBXFileReference; lastKnownFileType = sourcecode.swift; path = MoodCardOnboardingView.swift; sourceTree = "<group>"; };
		6982AB7D2CDD9BA6005F9750 /* GetStartedCardView.swift */ = {isa = PBXFileReference; lastKnownFileType = sourcecode.swift; path = GetStartedCardView.swift; sourceTree = "<group>"; };
		6982AB802CDD9BFC005F9750 /* OnboardingMoodViewModel.swift */ = {isa = PBXFileReference; lastKnownFileType = sourcecode.swift; path = OnboardingMoodViewModel.swift; sourceTree = "<group>"; };
		69BD148D2CF517790060814E /* PlaylistManagerTests.swift */ = {isa = PBXFileReference; lastKnownFileType = sourcecode.swift; path = PlaylistManagerTests.swift; sourceTree = "<group>"; };
		69BD148F2CF518940060814E /* QueueManagerTests.swift */ = {isa = PBXFileReference; lastKnownFileType = sourcecode.swift; path = QueueManagerTests.swift; sourceTree = "<group>"; };
		69BD14912CF518BE0060814E /* SetupTestData.swift */ = {isa = PBXFileReference; lastKnownFileType = sourcecode.swift; path = SetupTestData.swift; sourceTree = "<group>"; };
		69EA65912CE1BBB500723081 /* CameraView.swift */ = {isa = PBXFileReference; lastKnownFileType = sourcecode.swift; path = CameraView.swift; sourceTree = "<group>"; };
		6E0106C42CEBFF4000F70B31 /* ProfileManagerTests.swift */ = {isa = PBXFileReference; lastKnownFileType = sourcecode.swift; path = ProfileManagerTests.swift; sourceTree = "<group>"; };
		6E52B8532CC98F370049BF08 /* PlayBackController.swift */ = {isa = PBXFileReference; lastKnownFileType = sourcecode.swift; path = PlayBackController.swift; sourceTree = "<group>"; };
		6E52B8592CC9A9EE0049BF08 /* Constants.swift */ = {isa = PBXFileReference; lastKnownFileType = sourcecode.swift; path = Constants.swift; sourceTree = "<group>"; };
		6E728B902CD1B94F00017EA4 /* Song.swift */ = {isa = PBXFileReference; lastKnownFileType = sourcecode.swift; path = Song.swift; sourceTree = "<group>"; };
		6E728B922CD1B97900017EA4 /* QueueManager.swift */ = {isa = PBXFileReference; lastKnownFileType = sourcecode.swift; path = QueueManager.swift; sourceTree = "<group>"; };
		6E728B942CD1CD9800017EA4 /* PlayerView.swift */ = {isa = PBXFileReference; lastKnownFileType = sourcecode.swift; path = PlayerView.swift; sourceTree = "<group>"; };
		6E9DDAFA2CD2B57900C17DCB /* QueueView.swift */ = {isa = PBXFileReference; lastKnownFileType = sourcecode.swift; path = QueueView.swift; sourceTree = "<group>"; };
		6EA2E3B52CDAF29200B4E6C8 /* Playlist.swift */ = {isa = PBXFileReference; lastKnownFileType = sourcecode.swift; path = Playlist.swift; sourceTree = "<group>"; };
		6EA2E3B72CDAF29B00B4E6C8 /* PlaylistManager.swift */ = {isa = PBXFileReference; lastKnownFileType = sourcecode.swift; path = PlaylistManager.swift; sourceTree = "<group>"; };
		6EA2E3BC2CDC8DDC00B4E6C8 /*  PlaylistsView.swift */ = {isa = PBXFileReference; lastKnownFileType = sourcecode.swift; path = " PlaylistsView.swift"; sourceTree = "<group>"; };
		6EA47A6B2C9E50D3006FB5C6 /* Moodify.plist */ = {isa = PBXFileReference; lastKnownFileType = text.plist.xml; path = Moodify.plist; sourceTree = "<group>"; };
		6EA47A6F2C9E5199006FB5C6 /* SpotifyController.swift */ = {isa = PBXFileReference; lastKnownFileType = sourcecode.swift; path = SpotifyController.swift; sourceTree = "<group>"; };
		6EA47A752C9E52C7006FB5C6 /* SpotifyiOS.xcframework */ = {isa = PBXFileReference; expectedSignature = "AppleDeveloperProgram:2FNC3A47ZF:Spotify"; lastKnownFileType = wrapper.xcframework; path = SpotifyiOS.xcframework; sourceTree = "<group>"; };
		6EEDBF482CA3B9470079295D /* SplashPage.swift */ = {isa = PBXFileReference; lastKnownFileType = sourcecode.swift; path = SplashPage.swift; sourceTree = "<group>"; };
		6EFE6C522C9E4AD40000DE46 /* Moodify-Bridging-Header.h */ = {isa = PBXFileReference; lastKnownFileType = sourcecode.c.h; path = "Moodify-Bridging-Header.h"; sourceTree = "<group>"; };
		8917A3D82CA4D10F00253254 /* MenuView.swift */ = {isa = PBXFileReference; lastKnownFileType = sourcecode.swift; path = MenuView.swift; sourceTree = "<group>"; };
		8917A3DA2CA4D86100253254 /* AccountInfoView.swift */ = {isa = PBXFileReference; lastKnownFileType = sourcecode.swift; path = AccountInfoView.swift; sourceTree = "<group>"; };
		892C8B3C2CD806AA000C2CE4 /* MoodQueueHandler.swift */ = {isa = PBXFileReference; lastKnownFileType = sourcecode.swift; path = MoodQueueHandler.swift; sourceTree = "<group>"; };
		8966A3A22CC3304500FA58DE /* PinSetupView.swift */ = {isa = PBXFileReference; lastKnownFileType = sourcecode.swift; path = PinSetupView.swift; sourceTree = "<group>"; };
		89AD05622CB083B3004D8FAD /* Profile.swift */ = {isa = PBXFileReference; lastKnownFileType = sourcecode.swift; path = Profile.swift; sourceTree = "<group>"; };
		89AD05642CB08439004D8FAD /* ProfileManager.swift */ = {isa = PBXFileReference; lastKnownFileType = sourcecode.swift; path = ProfileManager.swift; sourceTree = "<group>"; };
		89AD05662CB08474004D8FAD /* ProfileSelectionView.swift */ = {isa = PBXFileReference; lastKnownFileType = sourcecode.swift; path = ProfileSelectionView.swift; sourceTree = "<group>"; };
		89B1EC0D2CC9BDB10041F9EE /* PinInputView.swift */ = {isa = PBXFileReference; lastKnownFileType = sourcecode.swift; path = PinInputView.swift; sourceTree = "<group>"; };
		89B1EC0F2CC9C1BF0041F9EE /* ForgotPinView.swift */ = {isa = PBXFileReference; lastKnownFileType = sourcecode.swift; path = ForgotPinView.swift; sourceTree = "<group>"; };
		89C558392CDC11CB00F67E99 /* TermsOfServiceView.swift */ = {isa = PBXFileReference; lastKnownFileType = sourcecode.swift; path = TermsOfServiceView.swift; sourceTree = "<group>"; };
		89FA8A422C9A6F39005480D8 /* generalMusicPreferences.swift */ = {isa = PBXFileReference; fileEncoding = 4; lastKnownFileType = sourcecode.swift; path = generalMusicPreferences.swift; sourceTree = "<group>"; };
		89FA8A442C9A6F40005480D8 /* Questionnaire.swift */ = {isa = PBXFileReference; fileEncoding = 4; lastKnownFileType = sourcecode.swift; path = Questionnaire.swift; sourceTree = "<group>"; };
		89FA8A462C9A6F4D005480D8 /* homePageView.swift */ = {isa = PBXFileReference; fileEncoding = 4; lastKnownFileType = sourcecode.swift; path = homePageView.swift; sourceTree = "<group>"; };
/* End PBXFileReference section */

/* Begin PBXFrameworksBuildPhase section */
		6934A1062C8FDA840086CC91 /* Frameworks */ = {
			isa = PBXFrameworksBuildPhase;
			buildActionMask = 2147483647;
			files = (
				6EA47A772C9E52D4006FB5C6 /* SpotifyiOS.xcframework in Frameworks */,
			);
			runOnlyForDeploymentPostprocessing = 0;
		};
		6934A1162C8FDA850086CC91 /* Frameworks */ = {
			isa = PBXFrameworksBuildPhase;
			buildActionMask = 2147483647;
			files = (
			);
			runOnlyForDeploymentPostprocessing = 0;
		};
		6934A1202C8FDA850086CC91 /* Frameworks */ = {
			isa = PBXFrameworksBuildPhase;
			buildActionMask = 2147483647;
			files = (
			);
			runOnlyForDeploymentPostprocessing = 0;
		};
/* End PBXFrameworksBuildPhase section */

/* Begin PBXGroup section */
		6934A1002C8FDA830086CC91 = {
			isa = PBXGroup;
			children = (
				6934A10B2C8FDA840086CC91 /* Moodify */,
				6934A11C2C8FDA850086CC91 /* MoodifyTests */,
				6934A1262C8FDA850086CC91 /* MoodifyUITests */,
				6934A10A2C8FDA840086CC91 /* Products */,
			);
			sourceTree = "<group>";
		};
		6934A10A2C8FDA840086CC91 /* Products */ = {
			isa = PBXGroup;
			children = (
				6934A1092C8FDA840086CC91 /* Moodify.app */,
				6934A1192C8FDA850086CC91 /* MoodifyTests.xctest */,
				6934A1232C8FDA850086CC91 /* MoodifyUITests.xctest */,
			);
			name = Products;
			sourceTree = "<group>";
		};
		6934A10B2C8FDA840086CC91 /* Moodify */ = {
			isa = PBXGroup;
			children = (
				6934A10C2C8FDA840086CC91 /* MoodifyApp.swift */,
				6982AB752CDD9646005F9750 /* ColorExtension.swift */,
				693E71452CEAAA1A00446CF7 /* Machine Learning */,
				6982AB7F2CDD9BE8005F9750 /* ViewModels */,
				694B6C002C9A4431002F0931 /* Frontend */,
				6E52B8522CC98F1B0049BF08 /* Backend */,
				6EFE6C522C9E4AD40000DE46 /* Moodify-Bridging-Header.h */,
				6EA47A752C9E52C7006FB5C6 /* SpotifyiOS.xcframework */,
				6EA47A6B2C9E50D3006FB5C6 /* Moodify.plist */,
				6934A1102C8FDA840086CC91 /* Assets.xcassets */,
				6934A1122C8FDA840086CC91 /* Preview Content */,
			);
			path = Moodify;
			sourceTree = "<group>";
		};
		6934A1122C8FDA840086CC91 /* Preview Content */ = {
			isa = PBXGroup;
			children = (
				6934A1132C8FDA840086CC91 /* Preview Assets.xcassets */,
			);
			path = "Preview Content";
			sourceTree = "<group>";
		};
		6934A11C2C8FDA850086CC91 /* MoodifyTests */ = {
			isa = PBXGroup;
			children = (
				69BD148D2CF517790060814E /* PlaylistManagerTests.swift */,
				6E0106C42CEBFF4000F70B31 /* ProfileManagerTests.swift */,
				69BD148F2CF518940060814E /* QueueManagerTests.swift */,
				69BD14912CF518BE0060814E /* SetupTestData.swift */,
			);
			path = MoodifyTests;
			sourceTree = "<group>";
		};
		6934A1262C8FDA850086CC91 /* MoodifyUITests */ = {
			isa = PBXGroup;
			children = (
				6934A1272C8FDA850086CC91 /* MoodifyUITests.swift */,
				6934A1292C8FDA850086CC91 /* MoodifyUITestsLaunchTests.swift */,
			);
			path = MoodifyUITests;
			sourceTree = "<group>";
		};
		693E71452CEAAA1A00446CF7 /* Machine Learning */ = {
			isa = PBXGroup;
			children = (
				69EA65912CE1BBB500723081 /* CameraView.swift */,
			);
			path = "Machine Learning";
			sourceTree = "<group>";
		};
		694B6C002C9A4431002F0931 /* Frontend */ = {
			isa = PBXGroup;
			children = (
				6EE6C3302CE3B6330026D489 /* OnBoardingFolder */,
				6EE6C32F2CE3B55C0026D489 /* PinFolder */,
				6EA2E3BC2CDC8DDC00B4E6C8 /*  PlaylistsView.swift */,
				89C558392CDC11CB00F67E99 /* TermsOfServiceView.swift */,
				6E9DDAFA2CD2B57900C17DCB /* QueueView.swift */,
				6E728B942CD1CD9800017EA4 /* PlayerView.swift */,
				8917A3DA2CA4D86100253254 /* AccountInfoView.swift */,
				89AD05662CB08474004D8FAD /* ProfileSelectionView.swift */,
				8917A3D82CA4D10F00253254 /* MenuView.swift */,
				6EEDBF482CA3B9470079295D /* SplashPage.swift */,
				89FA8A462C9A6F4D005480D8 /* homePageView.swift */,
				89FA8A442C9A6F40005480D8 /* Questionnaire.swift */,
				6934A10E2C8FDA840086CC91 /* ConnectToSpotify.swift */,
				89FA8A422C9A6F39005480D8 /* generalMusicPreferences.swift */,
				696300572CC6E65E00AE7814 /* DetectEmotionServices.swift */,
			);
			path = Frontend;
			sourceTree = "<group>";
		};
		6982AB7F2CDD9BE8005F9750 /* ViewModels */ = {
			isa = PBXGroup;
			children = (
				6982AB802CDD9BFC005F9750 /* OnboardingMoodViewModel.swift */,
			);
			path = ViewModels;
			sourceTree = "<group>";
		};
		6E52B8522CC98F1B0049BF08 /* Backend */ = {
			isa = PBXGroup;
			children = (
				6EA2E3BB2CDB072900B4E6C8 /* Models */,
				6EA2E3BA2CDB04C100B4E6C8 /* Controllers */,
				6E52B8592CC9A9EE0049BF08 /* Constants.swift */,
			);
			path = Backend;
			sourceTree = "<group>";
		};
		6EA2E3BA2CDB04C100B4E6C8 /* Controllers */ = {
			isa = PBXGroup;
			children = (
				6EA2E3B72CDAF29B00B4E6C8 /* PlaylistManager.swift */,
				89AD05642CB08439004D8FAD /* ProfileManager.swift */,
				6E52B8532CC98F370049BF08 /* PlayBackController.swift */,
				6E728B922CD1B97900017EA4 /* QueueManager.swift */,
				6EA47A6F2C9E5199006FB5C6 /* SpotifyController.swift */,
				892C8B3C2CD806AA000C2CE4 /* MoodQueueHandler.swift */,
			);
			path = Controllers;
			sourceTree = "<group>";
		};
		6EA2E3BB2CDB072900B4E6C8 /* Models */ = {
			isa = PBXGroup;
			children = (
				6982AB772CDD9959005F9750 /* MoodModels.swift */,
				6EA2E3B52CDAF29200B4E6C8 /* Playlist.swift */,
				89AD05622CB083B3004D8FAD /* Profile.swift */,
				6E728B902CD1B94F00017EA4 /* Song.swift */,
			);
			path = Models;
			sourceTree = "<group>";
		};
		6EE6C32F2CE3B55C0026D489 /* PinFolder */ = {
			isa = PBXGroup;
			children = (
				89B1EC0F2CC9C1BF0041F9EE /* ForgotPinView.swift */,
				89B1EC0D2CC9BDB10041F9EE /* PinInputView.swift */,
				8966A3A22CC3304500FA58DE /* PinSetupView.swift */,
			);
			path = PinFolder;
			sourceTree = "<group>";
		};
		6EE6C3302CE3B6330026D489 /* OnBoardingFolder */ = {
			isa = PBXGroup;
			children = (
				6982AB792CDD9B3E005F9750 /* OnboardingMood.swift */,
				6982AB7B2CDD9B84005F9750 /* MoodCardOnboardingView.swift */,
				6982AB7D2CDD9BA6005F9750 /* GetStartedCardView.swift */,
				6982AB732CDD95A3005F9750 /* OnBoarding.swift */,
			);
			path = OnBoardingFolder;
			sourceTree = "<group>";
		};
/* End PBXGroup section */

/* Begin PBXNativeTarget section */
		6934A1082C8FDA840086CC91 /* Moodify */ = {
			isa = PBXNativeTarget;
			buildConfigurationList = 6934A12D2C8FDA850086CC91 /* Build configuration list for PBXNativeTarget "Moodify" */;
			buildPhases = (
				6934A1052C8FDA840086CC91 /* Sources */,
				6934A1062C8FDA840086CC91 /* Frameworks */,
				6934A1072C8FDA840086CC91 /* Resources */,
				6EA47A6A2C9E50B2006FB5C6 /* Embed Frameworks */,
			);
			buildRules = (
			);
			dependencies = (
			);
			name = Moodify;
			productName = Moodify;
			productReference = 6934A1092C8FDA840086CC91 /* Moodify.app */;
			productType = "com.apple.product-type.application";
		};
		6934A1182C8FDA850086CC91 /* MoodifyTests */ = {
			isa = PBXNativeTarget;
			buildConfigurationList = 6934A1302C8FDA850086CC91 /* Build configuration list for PBXNativeTarget "MoodifyTests" */;
			buildPhases = (
				6934A1152C8FDA850086CC91 /* Sources */,
				6934A1162C8FDA850086CC91 /* Frameworks */,
				6934A1172C8FDA850086CC91 /* Resources */,
			);
			buildRules = (
			);
			dependencies = (
				6934A11B2C8FDA850086CC91 /* PBXTargetDependency */,
			);
			name = MoodifyTests;
			productName = MoodifyTests;
			productReference = 6934A1192C8FDA850086CC91 /* MoodifyTests.xctest */;
			productType = "com.apple.product-type.bundle.unit-test";
		};
		6934A1222C8FDA850086CC91 /* MoodifyUITests */ = {
			isa = PBXNativeTarget;
			buildConfigurationList = 6934A1332C8FDA850086CC91 /* Build configuration list for PBXNativeTarget "MoodifyUITests" */;
			buildPhases = (
				6934A11F2C8FDA850086CC91 /* Sources */,
				6934A1202C8FDA850086CC91 /* Frameworks */,
				6934A1212C8FDA850086CC91 /* Resources */,
			);
			buildRules = (
			);
			dependencies = (
				6934A1252C8FDA850086CC91 /* PBXTargetDependency */,
			);
			name = MoodifyUITests;
			productName = MoodifyUITests;
			productReference = 6934A1232C8FDA850086CC91 /* MoodifyUITests.xctest */;
			productType = "com.apple.product-type.bundle.ui-testing";
		};
/* End PBXNativeTarget section */

/* Begin PBXProject section */
		6934A1012C8FDA830086CC91 /* Project object */ = {
			isa = PBXProject;
			attributes = {
				BuildIndependentTargetsInParallel = 1;
				LastSwiftUpdateCheck = 1540;
				LastUpgradeCheck = 1540;
				TargetAttributes = {
					6934A1082C8FDA840086CC91 = {
						CreatedOnToolsVersion = 15.4;
						LastSwiftMigration = 1600;
					};
					6934A1182C8FDA850086CC91 = {
						CreatedOnToolsVersion = 15.4;
						TestTargetID = 6934A1082C8FDA840086CC91;
					};
					6934A1222C8FDA850086CC91 = {
						CreatedOnToolsVersion = 15.4;
						TestTargetID = 6934A1082C8FDA840086CC91;
					};
				};
			};
			buildConfigurationList = 6934A1042C8FDA830086CC91 /* Build configuration list for PBXProject "Moodify" */;
			compatibilityVersion = "Xcode 14.0";
			developmentRegion = en;
			hasScannedForEncodings = 0;
			knownRegions = (
				en,
				Base,
			);
			mainGroup = 6934A1002C8FDA830086CC91;
			productRefGroup = 6934A10A2C8FDA840086CC91 /* Products */;
			projectDirPath = "";
			projectRoot = "";
			targets = (
				6934A1082C8FDA840086CC91 /* Moodify */,
				6934A1182C8FDA850086CC91 /* MoodifyTests */,
				6934A1222C8FDA850086CC91 /* MoodifyUITests */,
			);
		};
/* End PBXProject section */

/* Begin PBXResourcesBuildPhase section */
		6934A1072C8FDA840086CC91 /* Resources */ = {
			isa = PBXResourcesBuildPhase;
			buildActionMask = 2147483647;
			files = (
				6934A1142C8FDA840086CC91 /* Preview Assets.xcassets in Resources */,
				6EA47A6C2C9E50D3006FB5C6 /* Moodify.plist in Resources */,
				6934A1112C8FDA840086CC91 /* Assets.xcassets in Resources */,
			);
			runOnlyForDeploymentPostprocessing = 0;
		};
		6934A1172C8FDA850086CC91 /* Resources */ = {
			isa = PBXResourcesBuildPhase;
			buildActionMask = 2147483647;
			files = (
			);
			runOnlyForDeploymentPostprocessing = 0;
		};
		6934A1212C8FDA850086CC91 /* Resources */ = {
			isa = PBXResourcesBuildPhase;
			buildActionMask = 2147483647;
			files = (
			);
			runOnlyForDeploymentPostprocessing = 0;
		};
/* End PBXResourcesBuildPhase section */

/* Begin PBXSourcesBuildPhase section */
		6934A1052C8FDA840086CC91 /* Sources */ = {
			isa = PBXSourcesBuildPhase;
			buildActionMask = 2147483647;
			files = (
				8966A3A32CC3304F00FA58DE /* PinSetupView.swift in Sources */,
				89B1EC102CC9C1CC0041F9EE /* ForgotPinView.swift in Sources */,
				6EA47A702C9E5199006FB5C6 /* SpotifyController.swift in Sources */,
				6E728B912CD1B95700017EA4 /* Song.swift in Sources */,
				6982AB7E2CDD9BB1005F9750 /* GetStartedCardView.swift in Sources */,
				6982AB762CDD964B005F9750 /* ColorExtension.swift in Sources */,
				6E728B912CD1B95700017EA4 /* Song.swift in Sources */,
				6E728B952CD1CD9B00017EA4 /* PlayerView.swift in Sources */,
				69EA65922CE1BBB500723081 /* CameraView.swift in Sources */,
				8917A3D92CA4D11400253254 /* MenuView.swift in Sources */,
				89C5583A2CDC11CB00F67E99 /* TermsOfServiceView.swift in Sources */,
				6E728B932CD1B98600017EA4 /* QueueManager.swift in Sources */,
				6982AB782CDD995D005F9750 /* MoodModels.swift in Sources */,
				6982AB812CDD9C0C005F9750 /* OnboardingMoodViewModel.swift in Sources */,
				696300582CC6E65E00AE7814 /* DetectEmotionServices.swift in Sources */,
				6982AB7A2CDD9B4F005F9750 /* OnboardingMood.swift in Sources */,
				6934A10F2C8FDA840086CC91 /* ConnectToSpotify.swift in Sources */,
				6EA2E3BD2CDC8DEF00B4E6C8 /*  PlaylistsView.swift in Sources */,
				89B1EC0E2CC9BDBA0041F9EE /* PinInputView.swift in Sources */,
				6EA2E3B62CDAF29500B4E6C8 /* Playlist.swift in Sources */,
				89FA8A432C9A6F39005480D8 /* generalMusicPreferences.swift in Sources */,
				6982AB7C2CDD9B89005F9750 /* MoodCardOnboardingView.swift in Sources */,
				6E52B85A2CC9A9F30049BF08 /* Constants.swift in Sources */,
				6E9DDAFB2CD2B57E00C17DCB /* QueueView.swift in Sources */,
				8917A3DB2CA4D87400253254 /* AccountInfoView.swift in Sources */,
				89FA8A472C9A6F4D005480D8 /* homePageView.swift in Sources */,
				89AD05632CB083B8004D8FAD /* Profile.swift in Sources */,
				6934A10D2C8FDA840086CC91 /* MoodifyApp.swift in Sources */,
				89AD05652CB08452004D8FAD /* ProfileManager.swift in Sources */,
				89AD05672CB0847D004D8FAD /* ProfileSelectionView.swift in Sources */,
				89FA8A452C9A6F40005480D8 /* Questionnaire.swift in Sources */,
				6EA2E3B82CDAF29E00B4E6C8 /* PlaylistManager.swift in Sources */,
				6E52B8542CC98F3E0049BF08 /* PlayBackController.swift in Sources */,
				6982AB742CDD95AC005F9750 /* OnBoarding.swift in Sources */,
				892C8B3D2CD806AA000C2CE4 /* MoodQueueHandler.swift in Sources */,
				6EEDBF492CA3B94D0079295D /* SplashPage.swift in Sources */,
			);
			runOnlyForDeploymentPostprocessing = 0;
		};
		6934A1152C8FDA850086CC91 /* Sources */ = {
			isa = PBXSourcesBuildPhase;
			buildActionMask = 2147483647;
			files = (
				69BD14902CF518A10060814E /* QueueManagerTests.swift in Sources */,
				69BD14922CF518D10060814E /* SetupTestData.swift in Sources */,
				69BD148E2CF5177A0060814E /* PlaylistManagerTests.swift in Sources */,
				6E0106C52CEBFF4600F70B31 /* ProfileManagerTests.swift in Sources */,
			);
			runOnlyForDeploymentPostprocessing = 0;
		};
		6934A11F2C8FDA850086CC91 /* Sources */ = {
			isa = PBXSourcesBuildPhase;
			buildActionMask = 2147483647;
			files = (
				6934A12A2C8FDA850086CC91 /* MoodifyUITestsLaunchTests.swift in Sources */,
				6934A1282C8FDA850086CC91 /* MoodifyUITests.swift in Sources */,
			);
			runOnlyForDeploymentPostprocessing = 0;
		};
/* End PBXSourcesBuildPhase section */

/* Begin PBXTargetDependency section */
		6934A11B2C8FDA850086CC91 /* PBXTargetDependency */ = {
			isa = PBXTargetDependency;
			target = 6934A1082C8FDA840086CC91 /* Moodify */;
			targetProxy = 6934A11A2C8FDA850086CC91 /* PBXContainerItemProxy */;
		};
		6934A1252C8FDA850086CC91 /* PBXTargetDependency */ = {
			isa = PBXTargetDependency;
			target = 6934A1082C8FDA840086CC91 /* Moodify */;
			targetProxy = 6934A1242C8FDA850086CC91 /* PBXContainerItemProxy */;
		};
/* End PBXTargetDependency section */

/* Begin XCBuildConfiguration section */
		6934A12B2C8FDA850086CC91 /* Debug */ = {
			isa = XCBuildConfiguration;
			buildSettings = {
				ALWAYS_SEARCH_USER_PATHS = NO;
				ASSETCATALOG_COMPILER_GENERATE_SWIFT_ASSET_SYMBOL_EXTENSIONS = YES;
				CLANG_ANALYZER_NONNULL = YES;
				CLANG_ANALYZER_NUMBER_OBJECT_CONVERSION = YES_AGGRESSIVE;
				CLANG_CXX_LANGUAGE_STANDARD = "gnu++20";
				CLANG_ENABLE_MODULES = YES;
				CLANG_ENABLE_OBJC_ARC = YES;
				CLANG_ENABLE_OBJC_WEAK = YES;
				CLANG_WARN_BLOCK_CAPTURE_AUTORELEASING = YES;
				CLANG_WARN_BOOL_CONVERSION = YES;
				CLANG_WARN_COMMA = YES;
				CLANG_WARN_CONSTANT_CONVERSION = YES;
				CLANG_WARN_DEPRECATED_OBJC_IMPLEMENTATIONS = YES;
				CLANG_WARN_DIRECT_OBJC_ISA_USAGE = YES_ERROR;
				CLANG_WARN_DOCUMENTATION_COMMENTS = YES;
				CLANG_WARN_EMPTY_BODY = YES;
				CLANG_WARN_ENUM_CONVERSION = YES;
				CLANG_WARN_INFINITE_RECURSION = YES;
				CLANG_WARN_INT_CONVERSION = YES;
				CLANG_WARN_NON_LITERAL_NULL_CONVERSION = YES;
				CLANG_WARN_OBJC_IMPLICIT_RETAIN_SELF = YES;
				CLANG_WARN_OBJC_LITERAL_CONVERSION = YES;
				CLANG_WARN_OBJC_ROOT_CLASS = YES_ERROR;
				CLANG_WARN_QUOTED_INCLUDE_IN_FRAMEWORK_HEADER = YES;
				CLANG_WARN_RANGE_LOOP_ANALYSIS = YES;
				CLANG_WARN_STRICT_PROTOTYPES = YES;
				CLANG_WARN_SUSPICIOUS_MOVE = YES;
				CLANG_WARN_UNGUARDED_AVAILABILITY = YES_AGGRESSIVE;
				CLANG_WARN_UNREACHABLE_CODE = YES;
				CLANG_WARN__DUPLICATE_METHOD_MATCH = YES;
				COPY_PHASE_STRIP = NO;
				DEBUG_INFORMATION_FORMAT = dwarf;
				ENABLE_STRICT_OBJC_MSGSEND = YES;
				ENABLE_TESTABILITY = YES;
				ENABLE_USER_SCRIPT_SANDBOXING = YES;
				GCC_C_LANGUAGE_STANDARD = gnu17;
				GCC_DYNAMIC_NO_PIC = NO;
				GCC_NO_COMMON_BLOCKS = YES;
				GCC_OPTIMIZATION_LEVEL = 0;
				GCC_PREPROCESSOR_DEFINITIONS = (
					"DEBUG=1",
					"$(inherited)",
				);
				GCC_WARN_64_TO_32_BIT_CONVERSION = YES;
				GCC_WARN_ABOUT_RETURN_TYPE = YES_ERROR;
				GCC_WARN_UNDECLARED_SELECTOR = YES;
				GCC_WARN_UNINITIALIZED_AUTOS = YES_AGGRESSIVE;
				GCC_WARN_UNUSED_FUNCTION = YES;
				GCC_WARN_UNUSED_VARIABLE = YES;
				IPHONEOS_DEPLOYMENT_TARGET = 17.5;
				LOCALIZATION_PREFERS_STRING_CATALOGS = YES;
				MTL_ENABLE_DEBUG_INFO = INCLUDE_SOURCE;
				MTL_FAST_MATH = YES;
				ONLY_ACTIVE_ARCH = YES;
				SDKROOT = iphoneos;
				SWIFT_ACTIVE_COMPILATION_CONDITIONS = "DEBUG $(inherited)";
				SWIFT_OPTIMIZATION_LEVEL = "-Onone";
			};
			name = Debug;
		};
		6934A12C2C8FDA850086CC91 /* Release */ = {
			isa = XCBuildConfiguration;
			buildSettings = {
				ALWAYS_SEARCH_USER_PATHS = NO;
				ASSETCATALOG_COMPILER_GENERATE_SWIFT_ASSET_SYMBOL_EXTENSIONS = YES;
				CLANG_ANALYZER_NONNULL = YES;
				CLANG_ANALYZER_NUMBER_OBJECT_CONVERSION = YES_AGGRESSIVE;
				CLANG_CXX_LANGUAGE_STANDARD = "gnu++20";
				CLANG_ENABLE_MODULES = YES;
				CLANG_ENABLE_OBJC_ARC = YES;
				CLANG_ENABLE_OBJC_WEAK = YES;
				CLANG_WARN_BLOCK_CAPTURE_AUTORELEASING = YES;
				CLANG_WARN_BOOL_CONVERSION = YES;
				CLANG_WARN_COMMA = YES;
				CLANG_WARN_CONSTANT_CONVERSION = YES;
				CLANG_WARN_DEPRECATED_OBJC_IMPLEMENTATIONS = YES;
				CLANG_WARN_DIRECT_OBJC_ISA_USAGE = YES_ERROR;
				CLANG_WARN_DOCUMENTATION_COMMENTS = YES;
				CLANG_WARN_EMPTY_BODY = YES;
				CLANG_WARN_ENUM_CONVERSION = YES;
				CLANG_WARN_INFINITE_RECURSION = YES;
				CLANG_WARN_INT_CONVERSION = YES;
				CLANG_WARN_NON_LITERAL_NULL_CONVERSION = YES;
				CLANG_WARN_OBJC_IMPLICIT_RETAIN_SELF = YES;
				CLANG_WARN_OBJC_LITERAL_CONVERSION = YES;
				CLANG_WARN_OBJC_ROOT_CLASS = YES_ERROR;
				CLANG_WARN_QUOTED_INCLUDE_IN_FRAMEWORK_HEADER = YES;
				CLANG_WARN_RANGE_LOOP_ANALYSIS = YES;
				CLANG_WARN_STRICT_PROTOTYPES = YES;
				CLANG_WARN_SUSPICIOUS_MOVE = YES;
				CLANG_WARN_UNGUARDED_AVAILABILITY = YES_AGGRESSIVE;
				CLANG_WARN_UNREACHABLE_CODE = YES;
				CLANG_WARN__DUPLICATE_METHOD_MATCH = YES;
				COPY_PHASE_STRIP = NO;
				DEBUG_INFORMATION_FORMAT = "dwarf-with-dsym";
				ENABLE_NS_ASSERTIONS = NO;
				ENABLE_STRICT_OBJC_MSGSEND = YES;
				ENABLE_USER_SCRIPT_SANDBOXING = YES;
				GCC_C_LANGUAGE_STANDARD = gnu17;
				GCC_NO_COMMON_BLOCKS = YES;
				GCC_WARN_64_TO_32_BIT_CONVERSION = YES;
				GCC_WARN_ABOUT_RETURN_TYPE = YES_ERROR;
				GCC_WARN_UNDECLARED_SELECTOR = YES;
				GCC_WARN_UNINITIALIZED_AUTOS = YES_AGGRESSIVE;
				GCC_WARN_UNUSED_FUNCTION = YES;
				GCC_WARN_UNUSED_VARIABLE = YES;
				IPHONEOS_DEPLOYMENT_TARGET = 17.5;
				LOCALIZATION_PREFERS_STRING_CATALOGS = YES;
				MTL_ENABLE_DEBUG_INFO = NO;
				MTL_FAST_MATH = YES;
				SDKROOT = iphoneos;
				SWIFT_COMPILATION_MODE = wholemodule;
				VALIDATE_PRODUCT = YES;
			};
			name = Release;
		};
		6934A12E2C8FDA850086CC91 /* Debug */ = {
			isa = XCBuildConfiguration;
			buildSettings = {
				ASSETCATALOG_COMPILER_APPICON_NAME = AppIcon;
				ASSETCATALOG_COMPILER_GLOBAL_ACCENT_COLOR_NAME = AccentColor;
				CLANG_ENABLE_MODULES = YES;
				CODE_SIGN_IDENTITY = "Apple Development";
				CODE_SIGN_STYLE = Automatic;
				CURRENT_PROJECT_VERSION = 1;
				DEVELOPMENT_ASSET_PATHS = "\"Moodify/Preview Content\"";
				DEVELOPMENT_TEAM = B2RSHDDNFF;
				ENABLE_PREVIEWS = YES;
				GENERATE_INFOPLIST_FILE = YES;
				INFOPLIST_FILE = Moodify/Info.plist;
				INFOPLIST_KEY_NSCameraUsageDescription = "Moodify uses your camera to detect your emotions";
				INFOPLIST_KEY_UIApplicationSceneManifest_Generation = YES;
				INFOPLIST_KEY_UIApplicationSupportsIndirectInputEvents = YES;
				INFOPLIST_KEY_UILaunchScreen_Generation = YES;
				INFOPLIST_KEY_UISupportedInterfaceOrientations = UIInterfaceOrientationPortrait;
				INFOPLIST_KEY_UISupportedInterfaceOrientations_iPad = "UIInterfaceOrientationLandscapeLeft UIInterfaceOrientationLandscapeRight UIInterfaceOrientationPortrait UIInterfaceOrientationPortraitUpsideDown";
				INFOPLIST_KEY_UIUserInterfaceStyle = Dark;
				IPHONEOS_DEPLOYMENT_TARGET = 17.5;
				LD_RUNPATH_SEARCH_PATHS = (
					"$(inherited)",
					"@executable_path/Frameworks",
				);
				MARKETING_VERSION = 1.0;
				OTHER_LDFLAGS = "-ObjC";
				PRODUCT_BUNDLE_IDENTIFIER = "Moodify-UI";
				PRODUCT_NAME = "$(TARGET_NAME)";
				PROVISIONING_PROFILE_SPECIFIER = "";
				SWIFT_EMIT_LOC_STRINGS = YES;
				SWIFT_OBJC_BRIDGING_HEADER = "Moodify/Moodify-Bridging-Header.h";
				SWIFT_OPTIMIZATION_LEVEL = "-Onone";
				SWIFT_VERSION = 5.0;
				TARGETED_DEVICE_FAMILY = "1,2";
			};
			name = Debug;
		};
		6934A12F2C8FDA850086CC91 /* Release */ = {
			isa = XCBuildConfiguration;
			buildSettings = {
				ASSETCATALOG_COMPILER_APPICON_NAME = AppIcon;
				ASSETCATALOG_COMPILER_GLOBAL_ACCENT_COLOR_NAME = AccentColor;
				CLANG_ENABLE_MODULES = YES;
				CODE_SIGN_IDENTITY = "Apple Development";
				CODE_SIGN_STYLE = Automatic;
				CURRENT_PROJECT_VERSION = 1;
				DEVELOPMENT_ASSET_PATHS = "\"Moodify/Preview Content\"";
				DEVELOPMENT_TEAM = B2RSHDDNFF;
				ENABLE_PREVIEWS = YES;
				GENERATE_INFOPLIST_FILE = YES;
				INFOPLIST_FILE = Moodify/Info.plist;
				INFOPLIST_KEY_NSCameraUsageDescription = "Moodify uses your camera to detect your emotions";
				INFOPLIST_KEY_UIApplicationSceneManifest_Generation = YES;
				INFOPLIST_KEY_UIApplicationSupportsIndirectInputEvents = YES;
				INFOPLIST_KEY_UILaunchScreen_Generation = YES;
				INFOPLIST_KEY_UISupportedInterfaceOrientations = UIInterfaceOrientationPortrait;
				INFOPLIST_KEY_UISupportedInterfaceOrientations_iPad = "UIInterfaceOrientationLandscapeLeft UIInterfaceOrientationLandscapeRight UIInterfaceOrientationPortrait UIInterfaceOrientationPortraitUpsideDown";
				INFOPLIST_KEY_UIUserInterfaceStyle = Dark;
				IPHONEOS_DEPLOYMENT_TARGET = 17.5;
				LD_RUNPATH_SEARCH_PATHS = (
					"$(inherited)",
					"@executable_path/Frameworks",
				);
				MARKETING_VERSION = 1.0;
				OTHER_LDFLAGS = "-ObjC";
				PRODUCT_BUNDLE_IDENTIFIER = "Moodify-UI";
				PRODUCT_NAME = "$(TARGET_NAME)";
				PROVISIONING_PROFILE_SPECIFIER = "";
				SWIFT_EMIT_LOC_STRINGS = YES;
				SWIFT_OBJC_BRIDGING_HEADER = "Moodify/Moodify-Bridging-Header.h";
				SWIFT_VERSION = 5.0;
				TARGETED_DEVICE_FAMILY = "1,2";
			};
			name = Release;
		};
		6934A1312C8FDA850086CC91 /* Debug */ = {
			isa = XCBuildConfiguration;
			buildSettings = {
				ALWAYS_EMBED_SWIFT_STANDARD_LIBRARIES = YES;
				BUNDLE_LOADER = "$(TEST_HOST)";
				CODE_SIGN_STYLE = Automatic;
				CURRENT_PROJECT_VERSION = 1;
				DEVELOPMENT_TEAM = 5RJHYK4MEZ;
				GENERATE_INFOPLIST_FILE = YES;
				IPHONEOS_DEPLOYMENT_TARGET = 17.5;
				MARKETING_VERSION = 1.0;
				PRODUCT_BUNDLE_IDENTIFIER = MoodifyTests;
				PRODUCT_NAME = "$(TARGET_NAME)";
				SWIFT_EMIT_LOC_STRINGS = NO;
				SWIFT_VERSION = 5.0;
				TARGETED_DEVICE_FAMILY = "1,2";
				TEST_HOST = "$(BUILT_PRODUCTS_DIR)/Moodify.app/$(BUNDLE_EXECUTABLE_FOLDER_PATH)/Moodify";
			};
			name = Debug;
		};
		6934A1322C8FDA850086CC91 /* Release */ = {
			isa = XCBuildConfiguration;
			buildSettings = {
				ALWAYS_EMBED_SWIFT_STANDARD_LIBRARIES = YES;
				BUNDLE_LOADER = "$(TEST_HOST)";
				CODE_SIGN_STYLE = Automatic;
				CURRENT_PROJECT_VERSION = 1;
				DEVELOPMENT_TEAM = 5RJHYK4MEZ;
				GENERATE_INFOPLIST_FILE = YES;
				IPHONEOS_DEPLOYMENT_TARGET = 17.5;
				MARKETING_VERSION = 1.0;
				PRODUCT_BUNDLE_IDENTIFIER = MoodifyTests;
				PRODUCT_NAME = "$(TARGET_NAME)";
				SWIFT_EMIT_LOC_STRINGS = NO;
				SWIFT_VERSION = 5.0;
				TARGETED_DEVICE_FAMILY = "1,2";
				TEST_HOST = "$(BUILT_PRODUCTS_DIR)/Moodify.app/$(BUNDLE_EXECUTABLE_FOLDER_PATH)/Moodify";
			};
			name = Release;
		};
		6934A1342C8FDA850086CC91 /* Debug */ = {
			isa = XCBuildConfiguration;
			buildSettings = {
				ALWAYS_EMBED_SWIFT_STANDARD_LIBRARIES = YES;
				CODE_SIGN_STYLE = Automatic;
				CURRENT_PROJECT_VERSION = 1;
				DEVELOPMENT_TEAM = 5RJHYK4MEZ;
				GENERATE_INFOPLIST_FILE = YES;
				MARKETING_VERSION = 1.0;
				PRODUCT_BUNDLE_IDENTIFIER = MoodifyUITests;
				PRODUCT_NAME = "$(TARGET_NAME)";
				SWIFT_EMIT_LOC_STRINGS = NO;
				SWIFT_VERSION = 5.0;
				TARGETED_DEVICE_FAMILY = "1,2";
				TEST_TARGET_NAME = Moodify;
			};
			name = Debug;
		};
		6934A1352C8FDA850086CC91 /* Release */ = {
			isa = XCBuildConfiguration;
			buildSettings = {
				ALWAYS_EMBED_SWIFT_STANDARD_LIBRARIES = YES;
				CODE_SIGN_STYLE = Automatic;
				CURRENT_PROJECT_VERSION = 1;
				DEVELOPMENT_TEAM = 5RJHYK4MEZ;
				GENERATE_INFOPLIST_FILE = YES;
				MARKETING_VERSION = 1.0;
				PRODUCT_BUNDLE_IDENTIFIER = MoodifyUITests;
				PRODUCT_NAME = "$(TARGET_NAME)";
				SWIFT_EMIT_LOC_STRINGS = NO;
				SWIFT_VERSION = 5.0;
				TARGETED_DEVICE_FAMILY = "1,2";
				TEST_TARGET_NAME = Moodify;
			};
			name = Release;
		};
/* End XCBuildConfiguration section */

/* Begin XCConfigurationList section */
		6934A1042C8FDA830086CC91 /* Build configuration list for PBXProject "Moodify" */ = {
			isa = XCConfigurationList;
			buildConfigurations = (
				6934A12B2C8FDA850086CC91 /* Debug */,
				6934A12C2C8FDA850086CC91 /* Release */,
			);
			defaultConfigurationIsVisible = 0;
			defaultConfigurationName = Release;
		};
		6934A12D2C8FDA850086CC91 /* Build configuration list for PBXNativeTarget "Moodify" */ = {
			isa = XCConfigurationList;
			buildConfigurations = (
				6934A12E2C8FDA850086CC91 /* Debug */,
				6934A12F2C8FDA850086CC91 /* Release */,
			);
			defaultConfigurationIsVisible = 0;
			defaultConfigurationName = Release;
		};
		6934A1302C8FDA850086CC91 /* Build configuration list for PBXNativeTarget "MoodifyTests" */ = {
			isa = XCConfigurationList;
			buildConfigurations = (
				6934A1312C8FDA850086CC91 /* Debug */,
				6934A1322C8FDA850086CC91 /* Release */,
			);
			defaultConfigurationIsVisible = 0;
			defaultConfigurationName = Release;
		};
		6934A1332C8FDA850086CC91 /* Build configuration list for PBXNativeTarget "MoodifyUITests" */ = {
			isa = XCConfigurationList;
			buildConfigurations = (
				6934A1342C8FDA850086CC91 /* Debug */,
				6934A1352C8FDA850086CC91 /* Release */,
			);
			defaultConfigurationIsVisible = 0;
			defaultConfigurationName = Release;
		};
/* End XCConfigurationList section */
	};
	rootObject = 6934A1012C8FDA830086CC91 /* Project object */;
}
